// !$*UTF8*$!
{
	archiveVersion = 1;
	classes = {
	};
	objectVersion = 56;
	objects = {

/* Begin PBXBuildFile section */
		536155A52F48616C0039E32F /* GoogleService-Info.plist in Resources */ = {isa = PBXBuildFile; fileRef = 536155A42F48616C0039E32F /* GoogleService-Info.plist */; };
		A10001 /* CookingApp.swift in Sources */ = {isa = PBXBuildFile; fileRef = B10001 /* CookingApp.swift */; };
		A10002 /* ContentView.swift in Sources */ = {isa = PBXBuildFile; fileRef = B10002 /* ContentView.swift */; };
		A10003 /* Recipe.swift in Sources */ = {isa = PBXBuildFile; fileRef = B10003 /* Recipe.swift */; };
		A10004 /* DietaryProfile.swift in Sources */ = {isa = PBXBuildFile; fileRef = B10004 /* DietaryProfile.swift */; };
		A10005 /* NotificationPreferences.swift in Sources */ = {isa = PBXBuildFile; fileRef = B10005 /* NotificationPreferences.swift */; };
		A10006 /* OnboardingContainerView.swift in Sources */ = {isa = PBXBuildFile; fileRef = B10006 /* OnboardingContainerView.swift */; };
		A10007 /* WelcomeView.swift in Sources */ = {isa = PBXBuildFile; fileRef = B10007 /* WelcomeView.swift */; };
		A10008 /* AllergiesView.swift in Sources */ = {isa = PBXBuildFile; fileRef = B10008 /* AllergiesView.swift */; };
		A10009 /* DietaryPreferencesView.swift in Sources */ = {isa = PBXBuildFile; fileRef = B10009 /* DietaryPreferencesView.swift */; };
		A10010 /* NotificationSetupView.swift in Sources */ = {isa = PBXBuildFile; fileRef = B10010 /* NotificationSetupView.swift */; };
		A10011 /* HomeView.swift in Sources */ = {isa = PBXBuildFile; fileRef = B10011 /* HomeView.swift */; };
		A10012 /* RecipeDetailView.swift in Sources */ = {isa = PBXBuildFile; fileRef = B10012 /* RecipeDetailView.swift */; };
		A10013 /* ShoppingListView.swift in Sources */ = {isa = PBXBuildFile; fileRef = B10013 /* ShoppingListView.swift */; };
		A10014 /* SettingsView.swift in Sources */ = {isa = PBXBuildFile; fileRef = B10014 /* SettingsView.swift */; };
		A10015 /* OnboardingViewModel.swift in Sources */ = {isa = PBXBuildFile; fileRef = B10015 /* OnboardingViewModel.swift */; };
		A10016 /* HomeViewModel.swift in Sources */ = {isa = PBXBuildFile; fileRef = B10016 /* HomeViewModel.swift */; };
		A10017 /* SettingsViewModel.swift in Sources */ = {isa = PBXBuildFile; fileRef = B10017 /* SettingsViewModel.swift */; };
		A10018 /* UserPreferencesManager.swift in Sources */ = {isa = PBXBuildFile; fileRef = B10018 /* UserPreferencesManager.swift */; };
		A10019 /* FirestoreService.swift in Sources */ = {isa = PBXBuildFile; fileRef = B10019 /* FirestoreService.swift */; };
		A10020 /* NotificationService.swift in Sources */ = {isa = PBXBuildFile; fileRef = B10020 /* NotificationService.swift */; };
		A10021 /* Assets.xcassets in Resources */ = {isa = PBXBuildFile; fileRef = B10021 /* Assets.xcassets */; };
		A10022 /* MeasurementConverter.swift in Sources */ = {isa = PBXBuildFile; fileRef = B10023 /* MeasurementConverter.swift */; };
		A10023 /* RecipePreferencesView.swift in Sources */ = {isa = PBXBuildFile; fileRef = B10024 /* RecipePreferencesView.swift */; };
		A10024 /* Localizable.xcstrings in Resources */ = {isa = PBXBuildFile; fileRef = B10025 /* Localizable.xcstrings */; };
		A10030 /* FirebaseFirestore in Frameworks */ = {isa = PBXBuildFile; productRef = D10001 /* FirebaseFirestore */; };
/* End PBXBuildFile section */

/* Begin PBXFileReference section */
		536155A42F48616C0039E32F /* GoogleService-Info.plist */ = {isa = PBXFileReference; lastKnownFileType = text.plist.xml; path = "GoogleService-Info.plist"; sourceTree = "<group>"; };
		B10001 /* CookingApp.swift */ = {isa = PBXFileReference; lastKnownFileType = sourcecode.swift; path = CookingApp.swift; sourceTree = "<group>"; };
		B10002 /* ContentView.swift */ = {isa = PBXFileReference; lastKnownFileType = sourcecode.swift; path = ContentView.swift; sourceTree = "<group>"; };
		B10003 /* Recipe.swift */ = {isa = PBXFileReference; lastKnownFileType = sourcecode.swift; path = Recipe.swift; sourceTree = "<group>"; };
		B10004 /* DietaryProfile.swift */ = {isa = PBXFileReference; lastKnownFileType = sourcecode.swift; path = DietaryProfile.swift; sourceTree = "<group>"; };
		B10005 /* NotificationPreferences.swift */ = {isa = PBXFileReference; lastKnownFileType = sourcecode.swift; path = NotificationPreferences.swift; sourceTree = "<group>"; };
		B10006 /* OnboardingContainerView.swift */ = {isa = PBXFileReference; lastKnownFileType = sourcecode.swift; path = OnboardingContainerView.swift; sourceTree = "<group>"; };
		B10007 /* WelcomeView.swift */ = {isa = PBXFileReference; lastKnownFileType = sourcecode.swift; path = WelcomeView.swift; sourceTree = "<group>"; };
		B10008 /* AllergiesView.swift */ = {isa = PBXFileReference; lastKnownFileType = sourcecode.swift; path = AllergiesView.swift; sourceTree = "<group>"; };
		B10009 /* DietaryPreferencesView.swift */ = {isa = PBXFileReference; lastKnownFileType = sourcecode.swift; path = DietaryPreferencesView.swift; sourceTree = "<group>"; };
		B10010 /* NotificationSetupView.swift */ = {isa = PBXFileReference; lastKnownFileType = sourcecode.swift; path = NotificationSetupView.swift; sourceTree = "<group>"; };
		B10011 /* HomeView.swift */ = {isa = PBXFileReference; lastKnownFileType = sourcecode.swift; path = HomeView.swift; sourceTree = "<group>"; };
		B10012 /* RecipeDetailView.swift */ = {isa = PBXFileReference; lastKnownFileType = sourcecode.swift; path = RecipeDetailView.swift; sourceTree = "<group>"; };
		B10013 /* ShoppingListView.swift */ = {isa = PBXFileReference; lastKnownFileType = sourcecode.swift; path = ShoppingListView.swift; sourceTree = "<group>"; };
		B10014 /* SettingsView.swift */ = {isa = PBXFileReference; lastKnownFileType = sourcecode.swift; path = SettingsView.swift; sourceTree = "<group>"; };
		B10015 /* OnboardingViewModel.swift */ = {isa = PBXFileReference; lastKnownFileType = sourcecode.swift; path = OnboardingViewModel.swift; sourceTree = "<group>"; };
		B10016 /* HomeViewModel.swift */ = {isa = PBXFileReference; lastKnownFileType = sourcecode.swift; path = HomeViewModel.swift; sourceTree = "<group>"; };
		B10017 /* SettingsViewModel.swift */ = {isa = PBXFileReference; lastKnownFileType = sourcecode.swift; path = SettingsViewModel.swift; sourceTree = "<group>"; };
		B10018 /* UserPreferencesManager.swift */ = {isa = PBXFileReference; lastKnownFileType = sourcecode.swift; path = UserPreferencesManager.swift; sourceTree = "<group>"; };
		B10019 /* FirestoreService.swift */ = {isa = PBXFileReference; lastKnownFileType = sourcecode.swift; path = FirestoreService.swift; sourceTree = "<group>"; };
		B10020 /* NotificationService.swift */ = {isa = PBXFileReference; lastKnownFileType = sourcecode.swift; path = NotificationService.swift; sourceTree = "<group>"; };
		B10021 /* Assets.xcassets */ = {isa = PBXFileReference; lastKnownFileType = folder.assetcatalog; path = Assets.xcassets; sourceTree = "<group>"; };
		B10022 /* Info.plist */ = {isa = PBXFileReference; lastKnownFileType = text.plist.xml; path = Info.plist; sourceTree = "<group>"; };
		B10023 /* MeasurementConverter.swift */ = {isa = PBXFileReference; lastKnownFileType = sourcecode.swift; path = MeasurementConverter.swift; sourceTree = "<group>"; };
		B10024 /* RecipePreferencesView.swift */ = {isa = PBXFileReference; lastKnownFileType = sourcecode.swift; path = RecipePreferencesView.swift; sourceTree = "<group>"; };
		B10025 /* Localizable.xcstrings */ = {isa = PBXFileReference; lastKnownFileType = text.json; path = "Localizable.xcstrings"; sourceTree = "<group>"; };
		C10001 /* CookingApp.app */ = {isa = PBXFileReference; explicitFileType = wrapper.application; includeInIndex = 0; path = CookingApp.app; sourceTree = BUILT_PRODUCTS_DIR; };
/* End PBXFileReference section */

/* Begin PBXFrameworksBuildPhase section */
		E10001 /* Frameworks */ = {
			isa = PBXFrameworksBuildPhase;
			buildActionMask = 2147483647;
			files = (
				A10030 /* FirebaseFirestore in Frameworks */,
			);
			runOnlyForDeploymentPostprocessing = 0;
		};
/* End PBXFrameworksBuildPhase section */

/* Begin PBXGroup section */
		G10001 = {
			isa = PBXGroup;
			children = (
				G10002 /* CookingApp */,
				G10010 /* Products */,
			);
			sourceTree = "<group>";
		};
		G10002 /* CookingApp */ = {
			isa = PBXGroup;
			children = (
				B10001 /* CookingApp.swift */,
				B10022 /* Info.plist */,
				B10021 /* Assets.xcassets */,
				B10025 /* Localizable.xcstrings */,
				G10003 /* Models */,
				G10004 /* Views */,
				G10007 /* ViewModels */,
				G10008 /* Services */,
				G10009 /* Utils */,
				536155A42F48616C0039E32F /* GoogleService-Info.plist */,
			);
			path = CookingApp;
			sourceTree = "<group>";
		};
		G10009 /* Utils */ = {
			isa = PBXGroup;
			children = (
				B10023 /* MeasurementConverter.swift */,
			);
			path = Utils;
			sourceTree = "<group>";
		};
		G10003 /* Models */ = {
			isa = PBXGroup;
			children = (
				B10003 /* Recipe.swift */,
				B10004 /* DietaryProfile.swift */,
				B10005 /* NotificationPreferences.swift */,
			);
			path = Models;
			sourceTree = "<group>";
		};
		G10004 /* Views */ = {
			isa = PBXGroup;
			children = (
				B10002 /* ContentView.swift */,
				G10005 /* Onboarding */,
				G10006 /* Main */,
			);
			path = Views;
			sourceTree = "<group>";
		};
		G10005 /* Onboarding */ = {
			isa = PBXGroup;
			children = (
				B10006 /* OnboardingContainerView.swift */,
				B10007 /* WelcomeView.swift */,
				B10008 /* AllergiesView.swift */,
				B10009 /* DietaryPreferencesView.swift */,
				B10010 /* NotificationSetupView.swift */,
				B10024 /* RecipePreferencesView.swift */,
			);
			path = Onboarding;
			sourceTree = "<group>";
		};
		G10006 /* Main */ = {
			isa = PBXGroup;
			children = (
				B10011 /* HomeView.swift */,
				B10012 /* RecipeDetailView.swift */,
				B10013 /* ShoppingListView.swift */,
				B10014 /* SettingsView.swift */,
			);
			path = Main;
			sourceTree = "<group>";
		};
		G10007 /* ViewModels */ = {
			isa = PBXGroup;
			children = (
				B10015 /* OnboardingViewModel.swift */,
				B10016 /* HomeViewModel.swift */,
				B10017 /* SettingsViewModel.swift */,
			);
			path = ViewModels;
			sourceTree = "<group>";
		};
		G10008 /* Services */ = {
			isa = PBXGroup;
			children = (
				B10018 /* UserPreferencesManager.swift */,
				B10019 /* FirestoreService.swift */,
				B10020 /* NotificationService.swift */,
			);
			path = Services;
			sourceTree = "<group>";
		};
		G10010 /* Products */ = {
			isa = PBXGroup;
			children = (
				C10001 /* CookingApp.app */,
			);
			name = Products;
			sourceTree = "<group>";
		};
/* End PBXGroup section */

/* Begin PBXNativeTarget section */
		T10001 /* CookingApp */ = {
			isa = PBXNativeTarget;
			buildConfigurationList = X10003 /* Build configuration list for PBXNativeTarget "CookingApp" */;
			buildPhases = (
				E10002 /* Sources */,
				E10001 /* Frameworks */,
				E10003 /* Resources */,
			);
			buildRules = (
			);
			dependencies = (
			);
			name = CookingApp;
			packageProductDependencies = (
				D10001 /* FirebaseFirestore */,
			);
			productName = CookingApp;
			productReference = C10001 /* CookingApp.app */;
			productType = "com.apple.product-type.application";
		};
/* End PBXNativeTarget section */

/* Begin PBXProject section */
		P10001 /* Project object */ = {
			isa = PBXProject;
			attributes = {
				BuildIndependentTargetsInParallel = 1;
				LastSwiftUpdateCheck = 1500;
				LastUpgradeCheck = 2620;
				TargetAttributes = {
					T10001 = {
						CreatedOnToolsVersion = 15.0;
					};
				};
			};
			buildConfigurationList = X10001 /* Build configuration list for PBXProject "CookingApp" */;
			compatibilityVersion = "Xcode 14.0";
			developmentRegion = en;
			hasScannedForEncodings = 0;
			knownRegions = (
				en,
				Base,
				nl,
				fr,
				de,
				it,
			);
			mainGroup = G10001;
			packageReferences = (
				R10001 /* XCRemoteSwiftPackageReference "firebase-ios-sdk" */,
			);
			productRefGroup = G10010 /* Products */;
			projectDirPath = "";
			projectRoot = "";
			targets = (
				T10001 /* CookingApp */,
			);
		};
/* End PBXProject section */

/* Begin PBXResourcesBuildPhase section */
		E10003 /* Resources */ = {
			isa = PBXResourcesBuildPhase;
			buildActionMask = 2147483647;
			files = (
				A10021 /* Assets.xcassets in Resources */,
				536155A52F48616C0039E32F /* GoogleService-Info.plist in Resources */,
				A10024 /* Localizable.xcstrings in Resources */,
			);
			runOnlyForDeploymentPostprocessing = 0;
		};
/* End PBXResourcesBuildPhase section */

/* Begin PBXSourcesBuildPhase section */
		E10002 /* Sources */ = {
			isa = PBXSourcesBuildPhase;
			buildActionMask = 2147483647;
			files = (
				A10001 /* CookingApp.swift in Sources */,
				A10002 /* ContentView.swift in Sources */,
				A10003 /* Recipe.swift in Sources */,
				A10004 /* DietaryProfile.swift in Sources */,
				A10005 /* NotificationPreferences.swift in Sources */,
				A10006 /* OnboardingContainerView.swift in Sources */,
				A10007 /* WelcomeView.swift in Sources */,
				A10008 /* AllergiesView.swift in Sources */,
				A10009 /* DietaryPreferencesView.swift in Sources */,
				A10010 /* NotificationSetupView.swift in Sources */,
				A10011 /* HomeView.swift in Sources */,
				A10012 /* RecipeDetailView.swift in Sources */,
				A10013 /* ShoppingListView.swift in Sources */,
				A10014 /* SettingsView.swift in Sources */,
				A10015 /* OnboardingViewModel.swift in Sources */,
				A10016 /* HomeViewModel.swift in Sources */,
				A10017 /* SettingsViewModel.swift in Sources */,
				A10018 /* UserPreferencesManager.swift in Sources */,
				A10019 /* FirestoreService.swift in Sources */,
				A10020 /* NotificationService.swift in Sources */,
				A10022 /* MeasurementConverter.swift in Sources */,
				A10023 /* RecipePreferencesView.swift in Sources */,
			);
			runOnlyForDeploymentPostprocessing = 0;
		};
/* End PBXSourcesBuildPhase section */

/* Begin XCBuildConfiguration section */
		X10D01 /* Debug */ = {
			isa = XCBuildConfiguration;
			buildSettings = {
				ALWAYS_SEARCH_USER_PATHS = NO;
				ASSETCATALOG_COMPILER_GENERATE_SWIFT_ASSET_SYMBOL_EXTENSIONS = YES;
				CLANG_ANALYZER_NONNULL = YES;
				CLANG_ANALYZER_NUMBER_OBJECT_CONVERSION = YES_AGGRESSIVE;
				CLANG_CXX_LANGUAGE_STANDARD = "gnu++20";
				CLANG_ENABLE_MODULES = YES;
				CLANG_ENABLE_OBJC_ARC = YES;
				CLANG_ENABLE_OBJC_WEAK = YES;
				CLANG_WARN_BLOCK_CAPTURE_AUTORELEASING = YES;
				CLANG_WARN_BOOL_CONVERSION = YES;
				CLANG_WARN_COMMA = YES;
				CLANG_WARN_CONSTANT_CONVERSION = YES;
				CLANG_WARN_DEPRECATED_OBJC_IMPLEMENTATIONS = YES;
				CLANG_WARN_DIRECT_OBJC_ISA_USAGE = YES_ERROR;
				CLANG_WARN_DOCUMENTATION_COMMENTS = YES;
				CLANG_WARN_EMPTY_BODY = YES;
				CLANG_WARN_ENUM_CONVERSION = YES;
				CLANG_WARN_INFINITE_RECURSION = YES;
				CLANG_WARN_INT_CONVERSION = YES;
				CLANG_WARN_NON_LITERAL_NULL_CONVERSION = YES;
				CLANG_WARN_OBJC_IMPLICIT_RETAIN_SELF = YES;
				CLANG_WARN_OBJC_LITERAL_CONVERSION = YES;
				CLANG_WARN_OBJC_ROOT_CLASS = YES_ERROR;
				CLANG_WARN_QUOTED_INCLUDE_IN_FRAMEWORK_HEADER = YES;
				CLANG_WARN_RANGE_LOOP_ANALYSIS = YES;
				CLANG_WARN_STRICT_PROTOTYPES = YES;
				CLANG_WARN_SUSPICIOUS_MOVE = YES;
				CLANG_WARN_UNGUARDED_AVAILABILITY = YES_AGGRESSIVE;
				CLANG_WARN_UNREACHABLE_CODE = YES;
				CLANG_WARN__DUPLICATE_METHOD_MATCH = YES;
				COPY_PHASE_STRIP = NO;
				DEBUG_INFORMATION_FORMAT = dwarf;
				ENABLE_STRICT_OBJC_MSGSEND = YES;
				ENABLE_TESTABILITY = YES;
				ENABLE_USER_SCRIPT_SANDBOXING = YES;
				GCC_C_LANGUAGE_STANDARD = gnu17;
				GCC_DYNAMIC_NO_PIC = NO;
				GCC_NO_COMMON_BLOCKS = YES;
				GCC_OPTIMIZATION_LEVEL = 0;
				GCC_PREPROCESSOR_DEFINITIONS = (
					"DEBUG=1",
					"$(inherited)",
				);
				GCC_WARN_64_TO_32_BIT_CONVERSION = YES;
				GCC_WARN_ABOUT_RETURN_TYPE = YES_ERROR;
				GCC_WARN_UNDECLARED_SELECTOR = YES;
				GCC_WARN_UNINITIALIZED_AUTOS = YES_AGGRESSIVE;
				GCC_WARN_UNUSED_FUNCTION = YES;
				GCC_WARN_UNUSED_VARIABLE = YES;
				IPHONEOS_DEPLOYMENT_TARGET = 16.0;
				MTL_ENABLE_DEBUG_INFO = INCLUDE_SOURCE;
				MTL_FAST_MATH = YES;
				ONLY_ACTIVE_ARCH = YES;
				SDKROOT = iphoneos;
				STRING_CATALOG_GENERATE_SYMBOLS = YES;
				SWIFT_ACTIVE_COMPILATION_CONDITIONS = "DEBUG $(inherited)";
				SWIFT_OPTIMIZATION_LEVEL = "-Onone";
			};
			name = Debug;
		};
		X10D02 /* Debug */ = {
			isa = XCBuildConfiguration;
			buildSettings = {
				ASSETCATALOG_COMPILER_APPICON_NAME = AppIcon;
				ASSETCATALOG_COMPILER_GLOBAL_ACCENT_COLOR_NAME = AccentColor;
				CODE_SIGN_STYLE = Automatic;
				CURRENT_PROJECT_VERSION = 1;
				GENERATE_INFOPLIST_FILE = YES;
				INFOPLIST_FILE = CookingApp/Info.plist;
				INFOPLIST_KEY_CFBundleDisplayName = "Cooking App";
				INFOPLIST_KEY_UIApplicationSupportsIndirectInputEvents = YES;
				INFOPLIST_KEY_UILaunchScreen_Generation = YES;
				INFOPLIST_KEY_UISupportedInterfaceOrientations_iPad = "UIInterfaceOrientationPortrait UIInterfaceOrientationPortraitUpsideDown UIInterfaceOrientationLandscapeLeft UIInterfaceOrientationLandscapeRight";
				INFOPLIST_KEY_UISupportedInterfaceOrientations_iPhone = "UIInterfaceOrientationPortrait UIInterfaceOrientationLandscapeLeft UIInterfaceOrientationLandscapeRight";
				LD_RUNPATH_SEARCH_PATHS = (
					"$(inherited)",
					"@executable_path/Frameworks",
				);
				MARKETING_VERSION = 1.0;
				PRODUCT_BUNDLE_IDENTIFIER = nl.gieljurriens.cookingapp;
				PRODUCT_NAME = "$(TARGET_NAME)";
				SWIFT_EMIT_LOC_STRINGS = YES;
				SWIFT_VERSION = 5.0;
				TARGETED_DEVICE_FAMILY = "1,2";
			};
			name = Debug;
		};
		X10R01 /* Release */ = {
			isa = XCBuildConfiguration;
			buildSettings = {
				ALWAYS_SEARCH_USER_PATHS = NO;
				ASSETCATALOG_COMPILER_GENERATE_SWIFT_ASSET_SYMBOL_EXTENSIONS = YES;
				CLANG_ANALYZER_NONNULL = YES;
				CLANG_ANALYZER_NUMBER_OBJECT_CONVERSION = YES_AGGRESSIVE;
				CLANG_CXX_LANGUAGE_STANDARD = "gnu++20";
				CLANG_ENABLE_MODULES = YES;
				CLANG_ENABLE_OBJC_ARC = YES;
				CLANG_ENABLE_OBJC_WEAK = YES;
				CLANG_WARN_BLOCK_CAPTURE_AUTORELEASING = YES;
				CLANG_WARN_BOOL_CONVERSION = YES;
				CLANG_WARN_COMMA = YES;
				CLANG_WARN_CONSTANT_CONVERSION = YES;
				CLANG_WARN_DEPRECATED_OBJC_IMPLEMENTATIONS = YES;
				CLANG_WARN_DIRECT_OBJC_ISA_USAGE = YES_ERROR;
				CLANG_WARN_DOCUMENTATION_COMMENTS = YES;
				CLANG_WARN_EMPTY_BODY = YES;
				CLANG_WARN_ENUM_CONVERSION = YES;
				CLANG_WARN_INFINITE_RECURSION = YES;
				CLANG_WARN_INT_CONVERSION = YES;
				CLANG_WARN_NON_LITERAL_NULL_CONVERSION = YES;
				CLANG_WARN_OBJC_IMPLICIT_RETAIN_SELF = YES;
				CLANG_WARN_OBJC_LITERAL_CONVERSION = YES;
				CLANG_WARN_OBJC_ROOT_CLASS = YES_ERROR;
				CLANG_WARN_QUOTED_INCLUDE_IN_FRAMEWORK_HEADER = YES;
				CLANG_WARN_RANGE_LOOP_ANALYSIS = YES;
				CLANG_WARN_STRICT_PROTOTYPES = YES;
				CLANG_WARN_SUSPICIOUS_MOVE = YES;
				CLANG_WARN_UNGUARDED_AVAILABILITY = YES_AGGRESSIVE;
				CLANG_WARN_UNREACHABLE_CODE = YES;
				CLANG_WARN__DUPLICATE_METHOD_MATCH = YES;
				COPY_PHASE_STRIP = NO;
				DEBUG_INFORMATION_FORMAT = "dwarf-with-dsym";
				ENABLE_NS_ASSERTIONS = NO;
				ENABLE_STRICT_OBJC_MSGSEND = YES;
				ENABLE_USER_SCRIPT_SANDBOXING = YES;
				GCC_C_LANGUAGE_STANDARD = gnu17;
				GCC_NO_COMMON_BLOCKS = YES;
				GCC_WARN_64_TO_32_BIT_CONVERSION = YES;
				GCC_WARN_ABOUT_RETURN_TYPE = YES_ERROR;
				GCC_WARN_UNDECLARED_SELECTOR = YES;
				GCC_WARN_UNINITIALIZED_AUTOS = YES_AGGRESSIVE;
				GCC_WARN_UNUSED_FUNCTION = YES;
				GCC_WARN_UNUSED_VARIABLE = YES;
				IPHONEOS_DEPLOYMENT_TARGET = 16.0;
				MTL_ENABLE_DEBUG_INFO = NO;
				MTL_FAST_MATH = YES;
				SDKROOT = iphoneos;
				STRING_CATALOG_GENERATE_SYMBOLS = YES;
				SWIFT_COMPILATION_MODE = wholemodule;
				VALIDATE_PRODUCT = YES;
			};
			name = Release;
		};
		X10R02 /* Release */ = {
			isa = XCBuildConfiguration;
			buildSettings = {
				ASSETCATALOG_COMPILER_APPICON_NAME = AppIcon;
				ASSETCATALOG_COMPILER_GLOBAL_ACCENT_COLOR_NAME = AccentColor;
				CODE_SIGN_STYLE = Automatic;
				CURRENT_PROJECT_VERSION = 1;
				GENERATE_INFOPLIST_FILE = YES;
				INFOPLIST_FILE = CookingApp/Info.plist;
				INFOPLIST_KEY_CFBundleDisplayName = "Cooking App";
				INFOPLIST_KEY_UIApplicationSupportsIndirectInputEvents = YES;
				INFOPLIST_KEY_UILaunchScreen_Generation = YES;
				INFOPLIST_KEY_UISupportedInterfaceOrientations_iPad = "UIInterfaceOrientationPortrait UIInterfaceOrientationPortraitUpsideDown UIInterfaceOrientationLandscapeLeft UIInterfaceOrientationLandscapeRight";
				INFOPLIST_KEY_UISupportedInterfaceOrientations_iPhone = "UIInterfaceOrientationPortrait UIInterfaceOrientationLandscapeLeft UIInterfaceOrientationLandscapeRight";
				LD_RUNPATH_SEARCH_PATHS = (
					"$(inherited)",
					"@executable_path/Frameworks",
				);
				MARKETING_VERSION = 1.0;
				PRODUCT_BUNDLE_IDENTIFIER = nl.gieljurriens.cookingapp;
				PRODUCT_NAME = "$(TARGET_NAME)";
				SWIFT_EMIT_LOC_STRINGS = YES;
				SWIFT_VERSION = 5.0;
				TARGETED_DEVICE_FAMILY = "1,2";
			};
			name = Release;
		};
/* End XCBuildConfiguration section */

/* Begin XCConfigurationList section */
		X10001 /* Build configuration list for PBXProject "CookingApp" */ = {
			isa = XCConfigurationList;
			buildConfigurations = (
				X10D01 /* Debug */,
				X10R01 /* Release */,
			);
			defaultConfigurationIsVisible = 0;
			defaultConfigurationName = Release;
		};
		X10003 /* Build configuration list for PBXNativeTarget "CookingApp" */ = {
			isa = XCConfigurationList;
			buildConfigurations = (
				X10D02 /* Debug */,
				X10R02 /* Release */,
			);
			defaultConfigurationIsVisible = 0;
			defaultConfigurationName = Release;
		};
/* End XCConfigurationList section */

/* Begin XCRemoteSwiftPackageReference section */
		R10001 /* XCRemoteSwiftPackageReference "firebase-ios-sdk" */ = {
			isa = XCRemoteSwiftPackageReference;
			repositoryURL = "https://github.com/firebase/firebase-ios-sdk";
			requirement = {
				kind = upToNextMajorVersion;
				minimumVersion = 10.0.0;
			};
		};
/* End XCRemoteSwiftPackageReference section */

/* Begin XCSwiftPackageProductDependency section */
		D10001 /* FirebaseFirestore */ = {
			isa = XCSwiftPackageProductDependency;
			package = R10001 /* XCRemoteSwiftPackageReference "firebase-ios-sdk" */;
			productName = FirebaseFirestore;
		};
/* End XCSwiftPackageProductDependency section */
	};
	rootObject = P10001 /* Project object */;
}
